// !$*UTF8*$!
{
	archiveVersion = 1;
	classes = {
	};
	objectVersion = 56;
	objects = {

/* Begin PBXBuildFile section */
		272FBB0C294E03F400A1EF92 /* ErrorLabelTextField.swift in Sources */ = {isa = PBXBuildFile; fileRef = 272FBB0B294E03F400A1EF92 /* ErrorLabelTextField.swift */; };
		2734E37C294E00E500B1B965 /* LoginController.swift in Sources */ = {isa = PBXBuildFile; fileRef = 2734E37A294E00E500B1B965 /* LoginController.swift */; };
		2734E37D294E00E500B1B965 /* LoginController.xib in Resources */ = {isa = PBXBuildFile; fileRef = 2734E37B294E00E500B1B965 /* LoginController.xib */; };
		277953A5294DEE070052A27E /* AppDelegate.swift in Sources */ = {isa = PBXBuildFile; fileRef = 277953A4294DEE070052A27E /* AppDelegate.swift */; };
		277953A7294DEE070052A27E /* SceneDelegate.swift in Sources */ = {isa = PBXBuildFile; fileRef = 277953A6294DEE070052A27E /* SceneDelegate.swift */; };
		277953AE294DEE090052A27E /* Assets.xcassets in Resources */ = {isa = PBXBuildFile; fileRef = 277953AD294DEE090052A27E /* Assets.xcassets */; };
		277953B1294DEE090052A27E /* LaunchScreen.storyboard in Resources */ = {isa = PBXBuildFile; fileRef = 277953AF294DEE090052A27E /* LaunchScreen.storyboard */; };
		277953BC294DEE090052A27E /* PixabayBookTests.swift in Sources */ = {isa = PBXBuildFile; fileRef = 277953BB294DEE090052A27E /* PixabayBookTests.swift */; };
		277953E3294DF8240052A27E /* Coordinator.swift in Sources */ = {isa = PBXBuildFile; fileRef = 277953E2294DF8240052A27E /* Coordinator.swift */; };
		277953E5294DF86B0052A27E /* RouterNavigationProtocol.swift in Sources */ = {isa = PBXBuildFile; fileRef = 277953E4294DF86B0052A27E /* RouterNavigationProtocol.swift */; };
		277953E7294DF9A30052A27E /* RouterNavigation.swift in Sources */ = {isa = PBXBuildFile; fileRef = 277953E6294DF9A30052A27E /* RouterNavigation.swift */; };
		277953E9294DFE220052A27E /* ApplicationCoordinator.swift in Sources */ = {isa = PBXBuildFile; fileRef = 277953E8294DFE220052A27E /* ApplicationCoordinator.swift */; };
		277953EB294DFF570052A27E /* LoginViewModel.swift in Sources */ = {isa = PBXBuildFile; fileRef = 277953EA294DFF570052A27E /* LoginViewModel.swift */; };
		27ABB317294F05B600E297E6 /* RegistrationController.swift in Sources */ = {isa = PBXBuildFile; fileRef = 27ABB315294F05B600E297E6 /* RegistrationController.swift */; };
		27ABB318294F05B600E297E6 /* RegistrationController.xib in Resources */ = {isa = PBXBuildFile; fileRef = 27ABB316294F05B600E297E6 /* RegistrationController.xib */; };
		27ABB31B294F066400E297E6 /* RegistrationViewModel.swift in Sources */ = {isa = PBXBuildFile; fileRef = 27ABB31A294F066400E297E6 /* RegistrationViewModel.swift */; };
		27C7F8CB294F00E800BA97EB /* Validator.swift in Sources */ = {isa = PBXBuildFile; fileRef = 27C7F8CA294F00E800BA97EB /* Validator.swift */; };
		3619281C552E87FA3ADB1A5B /* Pods_PixabayBookTests.framework in Frameworks */ = {isa = PBXBuildFile; fileRef = 93C759F4871DE2CAF17158A4 /* Pods_PixabayBookTests.framework */; };
		B679A25CEA391EAE3FB2FEAB /* Pods_PixabayBook.framework in Frameworks */ = {isa = PBXBuildFile; fileRef = 584082D72DF1673E176438AE /* Pods_PixabayBook.framework */; };
/* End PBXBuildFile section */

/* Begin PBXContainerItemProxy section */
		277953B8294DEE090052A27E /* PBXContainerItemProxy */ = {
			isa = PBXContainerItemProxy;
			containerPortal = 27795399294DEE070052A27E /* Project object */;
			proxyType = 1;
			remoteGlobalIDString = 277953A0294DEE070052A27E;
			remoteInfo = PixabayBook;
		};
/* End PBXContainerItemProxy section */

/* Begin PBXFileReference section */
		17C4F2F9002B644470A98810 /* Pods-PixabayBookTests.debug.xcconfig */ = {isa = PBXFileReference; includeInIndex = 1; lastKnownFileType = text.xcconfig; name = "Pods-PixabayBookTests.debug.xcconfig"; path = "Target Support Files/Pods-PixabayBookTests/Pods-PixabayBookTests.debug.xcconfig"; sourceTree = "<group>"; };
		272FBB0B294E03F400A1EF92 /* ErrorLabelTextField.swift */ = {isa = PBXFileReference; lastKnownFileType = sourcecode.swift; path = ErrorLabelTextField.swift; sourceTree = "<group>"; };
		2734E37A294E00E500B1B965 /* LoginController.swift */ = {isa = PBXFileReference; lastKnownFileType = sourcecode.swift; path = LoginController.swift; sourceTree = "<group>"; };
		2734E37B294E00E500B1B965 /* LoginController.xib */ = {isa = PBXFileReference; lastKnownFileType = file.xib; path = LoginController.xib; sourceTree = "<group>"; };
		277953A1294DEE070052A27E /* PixabayBook.app */ = {isa = PBXFileReference; explicitFileType = wrapper.application; includeInIndex = 0; path = PixabayBook.app; sourceTree = BUILT_PRODUCTS_DIR; };
		277953A4294DEE070052A27E /* AppDelegate.swift */ = {isa = PBXFileReference; lastKnownFileType = sourcecode.swift; path = AppDelegate.swift; sourceTree = "<group>"; };
		277953A6294DEE070052A27E /* SceneDelegate.swift */ = {isa = PBXFileReference; lastKnownFileType = sourcecode.swift; path = SceneDelegate.swift; sourceTree = "<group>"; };
		277953AD294DEE090052A27E /* Assets.xcassets */ = {isa = PBXFileReference; lastKnownFileType = folder.assetcatalog; path = Assets.xcassets; sourceTree = "<group>"; };
		277953B0294DEE090052A27E /* Base */ = {isa = PBXFileReference; lastKnownFileType = file.storyboard; name = Base; path = Base.lproj/LaunchScreen.storyboard; sourceTree = "<group>"; };
		277953B2294DEE090052A27E /* Info.plist */ = {isa = PBXFileReference; lastKnownFileType = text.plist.xml; path = Info.plist; sourceTree = "<group>"; };
		277953B7294DEE090052A27E /* PixabayBookTests.xctest */ = {isa = PBXFileReference; explicitFileType = wrapper.cfbundle; includeInIndex = 0; path = PixabayBookTests.xctest; sourceTree = BUILT_PRODUCTS_DIR; };
		277953BB294DEE090052A27E /* PixabayBookTests.swift */ = {isa = PBXFileReference; lastKnownFileType = sourcecode.swift; path = PixabayBookTests.swift; sourceTree = "<group>"; };
		277953E2294DF8240052A27E /* Coordinator.swift */ = {isa = PBXFileReference; lastKnownFileType = sourcecode.swift; path = Coordinator.swift; sourceTree = "<group>"; };
		277953E4294DF86B0052A27E /* RouterNavigationProtocol.swift */ = {isa = PBXFileReference; lastKnownFileType = sourcecode.swift; path = RouterNavigationProtocol.swift; sourceTree = "<group>"; };
		277953E6294DF9A30052A27E /* RouterNavigation.swift */ = {isa = PBXFileReference; lastKnownFileType = sourcecode.swift; path = RouterNavigation.swift; sourceTree = "<group>"; };
		277953E8294DFE220052A27E /* ApplicationCoordinator.swift */ = {isa = PBXFileReference; lastKnownFileType = sourcecode.swift; path = ApplicationCoordinator.swift; sourceTree = "<group>"; };
		277953EA294DFF570052A27E /* LoginViewModel.swift */ = {isa = PBXFileReference; lastKnownFileType = sourcecode.swift; path = LoginViewModel.swift; sourceTree = "<group>"; };
		27ABB315294F05B600E297E6 /* RegistrationController.swift */ = {isa = PBXFileReference; lastKnownFileType = sourcecode.swift; path = RegistrationController.swift; sourceTree = "<group>"; };
		27ABB316294F05B600E297E6 /* RegistrationController.xib */ = {isa = PBXFileReference; lastKnownFileType = file.xib; path = RegistrationController.xib; sourceTree = "<group>"; };
		27ABB31A294F066400E297E6 /* RegistrationViewModel.swift */ = {isa = PBXFileReference; lastKnownFileType = sourcecode.swift; path = RegistrationViewModel.swift; sourceTree = "<group>"; };
		27C7F8CA294F00E800BA97EB /* Validator.swift */ = {isa = PBXFileReference; lastKnownFileType = sourcecode.swift; path = Validator.swift; sourceTree = "<group>"; };
		584082D72DF1673E176438AE /* Pods_PixabayBook.framework */ = {isa = PBXFileReference; explicitFileType = wrapper.framework; includeInIndex = 0; path = Pods_PixabayBook.framework; sourceTree = BUILT_PRODUCTS_DIR; };
		8243CDC30721268F676AB568 /* Pods-PixabayBookTests.release.xcconfig */ = {isa = PBXFileReference; includeInIndex = 1; lastKnownFileType = text.xcconfig; name = "Pods-PixabayBookTests.release.xcconfig"; path = "Target Support Files/Pods-PixabayBookTests/Pods-PixabayBookTests.release.xcconfig"; sourceTree = "<group>"; };
		900273CD5C8A36E6B88B6549 /* Pods-PixabayBook.release.xcconfig */ = {isa = PBXFileReference; includeInIndex = 1; lastKnownFileType = text.xcconfig; name = "Pods-PixabayBook.release.xcconfig"; path = "Target Support Files/Pods-PixabayBook/Pods-PixabayBook.release.xcconfig"; sourceTree = "<group>"; };
		93C759F4871DE2CAF17158A4 /* Pods_PixabayBookTests.framework */ = {isa = PBXFileReference; explicitFileType = wrapper.framework; includeInIndex = 0; path = Pods_PixabayBookTests.framework; sourceTree = BUILT_PRODUCTS_DIR; };
		D5C9D90D233BA46188DCBAD7 /* Pods-PixabayBook.debug.xcconfig */ = {isa = PBXFileReference; includeInIndex = 1; lastKnownFileType = text.xcconfig; name = "Pods-PixabayBook.debug.xcconfig"; path = "Target Support Files/Pods-PixabayBook/Pods-PixabayBook.debug.xcconfig"; sourceTree = "<group>"; };
/* End PBXFileReference section */

/* Begin PBXFrameworksBuildPhase section */
		2779539E294DEE070052A27E /* Frameworks */ = {
			isa = PBXFrameworksBuildPhase;
			buildActionMask = 2147483647;
			files = (
				B679A25CEA391EAE3FB2FEAB /* Pods_PixabayBook.framework in Frameworks */,
			);
			runOnlyForDeploymentPostprocessing = 0;
		};
		277953B4294DEE090052A27E /* Frameworks */ = {
			isa = PBXFrameworksBuildPhase;
			buildActionMask = 2147483647;
			files = (
				3619281C552E87FA3ADB1A5B /* Pods_PixabayBookTests.framework in Frameworks */,
			);
			runOnlyForDeploymentPostprocessing = 0;
		};
/* End PBXFrameworksBuildPhase section */

/* Begin PBXGroup section */
		272FBB0A294E031300A1EF92 /* Views */ = {
			isa = PBXGroup;
			children = (
				272FBB0B294E03F400A1EF92 /* ErrorLabelTextField.swift */,
			);
			path = Views;
			sourceTree = "<group>";
		};
		27795398294DEE070052A27E = {
			isa = PBXGroup;
			children = (
				277953A3294DEE070052A27E /* PixabayBook */,
				277953BA294DEE090052A27E /* PixabayBookTests */,
				277953A2294DEE070052A27E /* Products */,
				9B2862A0BFA43AF03C1F5853 /* Pods */,
				B1ECDAD8904C52D48D9CA329 /* Frameworks */,
			);
			sourceTree = "<group>";
		};
		277953A2294DEE070052A27E /* Products */ = {
			isa = PBXGroup;
			children = (
				277953A1294DEE070052A27E /* PixabayBook.app */,
				277953B7294DEE090052A27E /* PixabayBookTests.xctest */,
			);
			name = Products;
			sourceTree = "<group>";
		};
		277953A3294DEE070052A27E /* PixabayBook */ = {
			isa = PBXGroup;
			children = (
				277953D4294DEE1B0052A27E /* Application */,
				277953E1294DF8010052A27E /* Coordinator */,
				277953D6294DF6DF0052A27E /* Flows */,
				277953D5294DEE390052A27E /* Resources */,
				27C7F8C9294F00D800BA97EB /* Validator */,
				272FBB0A294E031300A1EF92 /* Views */,
			);
			path = PixabayBook;
			sourceTree = "<group>";
		};
		277953BA294DEE090052A27E /* PixabayBookTests */ = {
			isa = PBXGroup;
			children = (
				277953BB294DEE090052A27E /* PixabayBookTests.swift */,
			);
			path = PixabayBookTests;
			sourceTree = "<group>";
		};
		277953D4294DEE1B0052A27E /* Application */ = {
			isa = PBXGroup;
			children = (
				277953B2294DEE090052A27E /* Info.plist */,
				277953AF294DEE090052A27E /* LaunchScreen.storyboard */,
				277953A6294DEE070052A27E /* SceneDelegate.swift */,
				277953A4294DEE070052A27E /* AppDelegate.swift */,
				277953E8294DFE220052A27E /* ApplicationCoordinator.swift */,
			);
			path = Application;
			sourceTree = "<group>";
		};
		277953D5294DEE390052A27E /* Resources */ = {
			isa = PBXGroup;
			children = (
				277953AD294DEE090052A27E /* Assets.xcassets */,
			);
			path = Resources;
			sourceTree = "<group>";
		};
		277953D6294DF6DF0052A27E /* Flows */ = {
			isa = PBXGroup;
			children = (
				277953D8294DF6E80052A27E /* Registration */,
				277953D7294DF6E50052A27E /* Login */,
			);
			path = Flows;
			sourceTree = "<group>";
		};
		277953D7294DF6E50052A27E /* Login */ = {
			isa = PBXGroup;
			children = (
				277953D9294DF6ED0052A27E /* Controller */,
				277953DA294DF6F90052A27E /* ViewModel */,
			);
			path = Login;
			sourceTree = "<group>";
		};
		277953D8294DF6E80052A27E /* Registration */ = {
			isa = PBXGroup;
			children = (
				27ABB319294F065500E297E6 /* ViewModel */,
				27ABB314294F05A200E297E6 /* Controller */,
			);
			path = Registration;
			sourceTree = "<group>";
		};
		277953D9294DF6ED0052A27E /* Controller */ = {
			isa = PBXGroup;
			children = (
				2734E37A294E00E500B1B965 /* LoginController.swift */,
				2734E37B294E00E500B1B965 /* LoginController.xib */,
			);
			path = Controller;
			sourceTree = "<group>";
		};
		277953DA294DF6F90052A27E /* ViewModel */ = {
			isa = PBXGroup;
			children = (
				277953EA294DFF570052A27E /* LoginViewModel.swift */,
			);
			path = ViewModel;
			sourceTree = "<group>";
		};
		277953E1294DF8010052A27E /* Coordinator */ = {
			isa = PBXGroup;
			children = (
				277953E2294DF8240052A27E /* Coordinator.swift */,
				277953E4294DF86B0052A27E /* RouterNavigationProtocol.swift */,
				277953E6294DF9A30052A27E /* RouterNavigation.swift */,
			);
			path = Coordinator;
			sourceTree = "<group>";
		};
		27ABB314294F05A200E297E6 /* Controller */ = {
			isa = PBXGroup;
			children = (
				27ABB315294F05B600E297E6 /* RegistrationController.swift */,
				27ABB316294F05B600E297E6 /* RegistrationController.xib */,
			);
			path = Controller;
			sourceTree = "<group>";
		};
		27ABB319294F065500E297E6 /* ViewModel */ = {
			isa = PBXGroup;
			children = (
				27ABB31A294F066400E297E6 /* RegistrationViewModel.swift */,
			);
			path = ViewModel;
			sourceTree = "<group>";
		};
		27C7F8C9294F00D800BA97EB /* Validator */ = {
			isa = PBXGroup;
			children = (
				27C7F8CA294F00E800BA97EB /* Validator.swift */,
			);
			path = Validator;
			sourceTree = "<group>";
		};
		9B2862A0BFA43AF03C1F5853 /* Pods */ = {
			isa = PBXGroup;
			children = (
				D5C9D90D233BA46188DCBAD7 /* Pods-PixabayBook.debug.xcconfig */,
				900273CD5C8A36E6B88B6549 /* Pods-PixabayBook.release.xcconfig */,
				17C4F2F9002B644470A98810 /* Pods-PixabayBookTests.debug.xcconfig */,
				8243CDC30721268F676AB568 /* Pods-PixabayBookTests.release.xcconfig */,
			);
			path = Pods;
			sourceTree = "<group>";
		};
		B1ECDAD8904C52D48D9CA329 /* Frameworks */ = {
			isa = PBXGroup;
			children = (
				584082D72DF1673E176438AE /* Pods_PixabayBook.framework */,
				93C759F4871DE2CAF17158A4 /* Pods_PixabayBookTests.framework */,
			);
			name = Frameworks;
			sourceTree = "<group>";
		};
/* End PBXGroup section */

/* Begin PBXNativeTarget section */
		277953A0294DEE070052A27E /* PixabayBook */ = {
			isa = PBXNativeTarget;
			buildConfigurationList = 277953CB294DEE0A0052A27E /* Build configuration list for PBXNativeTarget "PixabayBook" */;
			buildPhases = (
				D65EB0BD10ADEB4FD7EE7D54 /* [CP] Check Pods Manifest.lock */,
				2779539D294DEE070052A27E /* Sources */,
				2779539E294DEE070052A27E /* Frameworks */,
				2779539F294DEE070052A27E /* Resources */,
				D5ADC37C494ABD19CDF9FE67 /* [CP] Embed Pods Frameworks */,
			);
			buildRules = (
			);
			dependencies = (
			);
			name = PixabayBook;
			productName = PixabayBook;
			productReference = 277953A1294DEE070052A27E /* PixabayBook.app */;
			productType = "com.apple.product-type.application";
		};
		277953B6294DEE090052A27E /* PixabayBookTests */ = {
			isa = PBXNativeTarget;
			buildConfigurationList = 277953CE294DEE0A0052A27E /* Build configuration list for PBXNativeTarget "PixabayBookTests" */;
			buildPhases = (
				74A7A94917E94CB1CD080D73 /* [CP] Check Pods Manifest.lock */,
				277953B3294DEE090052A27E /* Sources */,
				277953B4294DEE090052A27E /* Frameworks */,
				277953B5294DEE090052A27E /* Resources */,
			);
			buildRules = (
			);
			dependencies = (
				277953B9294DEE090052A27E /* PBXTargetDependency */,
			);
			name = PixabayBookTests;
			productName = PixabayBookTests;
			productReference = 277953B7294DEE090052A27E /* PixabayBookTests.xctest */;
			productType = "com.apple.product-type.bundle.unit-test";
		};
/* End PBXNativeTarget section */

/* Begin PBXProject section */
		27795399294DEE070052A27E /* Project object */ = {
			isa = PBXProject;
			attributes = {
				BuildIndependentTargetsInParallel = 1;
				LastSwiftUpdateCheck = 1420;
				LastUpgradeCheck = 1420;
				TargetAttributes = {
					277953A0294DEE070052A27E = {
						CreatedOnToolsVersion = 14.2;
					};
					277953B6294DEE090052A27E = {
						CreatedOnToolsVersion = 14.2;
						TestTargetID = 277953A0294DEE070052A27E;
					};
				};
			};
			buildConfigurationList = 2779539C294DEE070052A27E /* Build configuration list for PBXProject "PixabayBook" */;
			compatibilityVersion = "Xcode 14.0";
			developmentRegion = en;
			hasScannedForEncodings = 0;
			knownRegions = (
				en,
				Base,
			);
			mainGroup = 27795398294DEE070052A27E;
			productRefGroup = 277953A2294DEE070052A27E /* Products */;
			projectDirPath = "";
			projectRoot = "";
			targets = (
				277953A0294DEE070052A27E /* PixabayBook */,
				277953B6294DEE090052A27E /* PixabayBookTests */,
			);
		};
/* End PBXProject section */

/* Begin PBXResourcesBuildPhase section */
		2779539F294DEE070052A27E /* Resources */ = {
			isa = PBXResourcesBuildPhase;
			buildActionMask = 2147483647;
			files = (
				277953B1294DEE090052A27E /* LaunchScreen.storyboard in Resources */,
				2734E37D294E00E500B1B965 /* LoginController.xib in Resources */,
				27ABB318294F05B600E297E6 /* RegistrationController.xib in Resources */,
				277953AE294DEE090052A27E /* Assets.xcassets in Resources */,
			);
			runOnlyForDeploymentPostprocessing = 0;
		};
		277953B5294DEE090052A27E /* Resources */ = {
			isa = PBXResourcesBuildPhase;
			buildActionMask = 2147483647;
			files = (
			);
			runOnlyForDeploymentPostprocessing = 0;
		};
/* End PBXResourcesBuildPhase section */

/* Begin PBXShellScriptBuildPhase section */
		74A7A94917E94CB1CD080D73 /* [CP] Check Pods Manifest.lock */ = {
			isa = PBXShellScriptBuildPhase;
			buildActionMask = 2147483647;
			files = (
			);
			inputFileListPaths = (
			);
			inputPaths = (
				"${PODS_PODFILE_DIR_PATH}/Podfile.lock",
				"${PODS_ROOT}/Manifest.lock",
			);
			name = "[CP] Check Pods Manifest.lock";
			outputFileListPaths = (
			);
			outputPaths = (
				"$(DERIVED_FILE_DIR)/Pods-PixabayBookTests-checkManifestLockResult.txt",
			);
			runOnlyForDeploymentPostprocessing = 0;
			shellPath = /bin/sh;
			shellScript = "diff \"${PODS_PODFILE_DIR_PATH}/Podfile.lock\" \"${PODS_ROOT}/Manifest.lock\" > /dev/null\nif [ $? != 0 ] ; then\n    # print error to STDERR\n    echo \"error: The sandbox is not in sync with the Podfile.lock. Run 'pod install' or update your CocoaPods installation.\" >&2\n    exit 1\nfi\n# This output is used by Xcode 'outputs' to avoid re-running this script phase.\necho \"SUCCESS\" > \"${SCRIPT_OUTPUT_FILE_0}\"\n";
			showEnvVarsInLog = 0;
		};
		D5ADC37C494ABD19CDF9FE67 /* [CP] Embed Pods Frameworks */ = {
			isa = PBXShellScriptBuildPhase;
			buildActionMask = 2147483647;
			files = (
			);
			inputFileListPaths = (
				"${PODS_ROOT}/Target Support Files/Pods-PixabayBook/Pods-PixabayBook-frameworks-${CONFIGURATION}-input-files.xcfilelist",
			);
			name = "[CP] Embed Pods Frameworks";
			outputFileListPaths = (
				"${PODS_ROOT}/Target Support Files/Pods-PixabayBook/Pods-PixabayBook-frameworks-${CONFIGURATION}-output-files.xcfilelist",
			);
			runOnlyForDeploymentPostprocessing = 0;
			shellPath = /bin/sh;
			shellScript = "\"${PODS_ROOT}/Target Support Files/Pods-PixabayBook/Pods-PixabayBook-frameworks.sh\"\n";
			showEnvVarsInLog = 0;
		};
		D65EB0BD10ADEB4FD7EE7D54 /* [CP] Check Pods Manifest.lock */ = {
			isa = PBXShellScriptBuildPhase;
			buildActionMask = 2147483647;
			files = (
			);
			inputFileListPaths = (
			);
			inputPaths = (
				"${PODS_PODFILE_DIR_PATH}/Podfile.lock",
				"${PODS_ROOT}/Manifest.lock",
			);
			name = "[CP] Check Pods Manifest.lock";
			outputFileListPaths = (
			);
			outputPaths = (
				"$(DERIVED_FILE_DIR)/Pods-PixabayBook-checkManifestLockResult.txt",
			);
			runOnlyForDeploymentPostprocessing = 0;
			shellPath = /bin/sh;
			shellScript = "diff \"${PODS_PODFILE_DIR_PATH}/Podfile.lock\" \"${PODS_ROOT}/Manifest.lock\" > /dev/null\nif [ $? != 0 ] ; then\n    # print error to STDERR\n    echo \"error: The sandbox is not in sync with the Podfile.lock. Run 'pod install' or update your CocoaPods installation.\" >&2\n    exit 1\nfi\n# This output is used by Xcode 'outputs' to avoid re-running this script phase.\necho \"SUCCESS\" > \"${SCRIPT_OUTPUT_FILE_0}\"\n";
			showEnvVarsInLog = 0;
		};
/* End PBXShellScriptBuildPhase section */

/* Begin PBXSourcesBuildPhase section */
		2779539D294DEE070052A27E /* Sources */ = {
			isa = PBXSourcesBuildPhase;
			buildActionMask = 2147483647;
			files = (
				277953E5294DF86B0052A27E /* RouterNavigationProtocol.swift in Sources */,
				27ABB31B294F066400E297E6 /* RegistrationViewModel.swift in Sources */,
				272FBB0C294E03F400A1EF92 /* ErrorLabelTextField.swift in Sources */,
				27C7F8CB294F00E800BA97EB /* Validator.swift in Sources */,
				277953E3294DF8240052A27E /* Coordinator.swift in Sources */,
				277953A5294DEE070052A27E /* AppDelegate.swift in Sources */,
				277953EB294DFF570052A27E /* LoginViewModel.swift in Sources */,
				27ABB317294F05B600E297E6 /* RegistrationController.swift in Sources */,
				277953E7294DF9A30052A27E /* RouterNavigation.swift in Sources */,
				2734E37C294E00E500B1B965 /* LoginController.swift in Sources */,
				277953A7294DEE070052A27E /* SceneDelegate.swift in Sources */,
				277953E9294DFE220052A27E /* ApplicationCoordinator.swift in Sources */,
			);
			runOnlyForDeploymentPostprocessing = 0;
		};
		277953B3294DEE090052A27E /* Sources */ = {
			isa = PBXSourcesBuildPhase;
			buildActionMask = 2147483647;
			files = (
				277953BC294DEE090052A27E /* PixabayBookTests.swift in Sources */,
			);
			runOnlyForDeploymentPostprocessing = 0;
		};
/* End PBXSourcesBuildPhase section */

/* Begin PBXTargetDependency section */
		277953B9294DEE090052A27E /* PBXTargetDependency */ = {
			isa = PBXTargetDependency;
			target = 277953A0294DEE070052A27E /* PixabayBook */;
			targetProxy = 277953B8294DEE090052A27E /* PBXContainerItemProxy */;
		};
/* End PBXTargetDependency section */

/* Begin PBXVariantGroup section */
		277953AF294DEE090052A27E /* LaunchScreen.storyboard */ = {
			isa = PBXVariantGroup;
			children = (
				277953B0294DEE090052A27E /* Base */,
			);
			name = LaunchScreen.storyboard;
			sourceTree = "<group>";
		};
/* End PBXVariantGroup section */

/* Begin XCBuildConfiguration section */
		277953C9294DEE0A0052A27E /* Debug */ = {
			isa = XCBuildConfiguration;
			buildSettings = {
				ALWAYS_SEARCH_USER_PATHS = NO;
				CLANG_ANALYZER_NONNULL = YES;
				CLANG_ANALYZER_NUMBER_OBJECT_CONVERSION = YES_AGGRESSIVE;
				CLANG_CXX_LANGUAGE_STANDARD = "gnu++20";
				CLANG_ENABLE_MODULES = YES;
				CLANG_ENABLE_OBJC_ARC = YES;
				CLANG_ENABLE_OBJC_WEAK = YES;
				CLANG_WARN_BLOCK_CAPTURE_AUTORELEASING = YES;
				CLANG_WARN_BOOL_CONVERSION = YES;
				CLANG_WARN_COMMA = YES;
				CLANG_WARN_CONSTANT_CONVERSION = YES;
				CLANG_WARN_DEPRECATED_OBJC_IMPLEMENTATIONS = YES;
				CLANG_WARN_DIRECT_OBJC_ISA_USAGE = YES_ERROR;
				CLANG_WARN_DOCUMENTATION_COMMENTS = YES;
				CLANG_WARN_EMPTY_BODY = YES;
				CLANG_WARN_ENUM_CONVERSION = YES;
				CLANG_WARN_INFINITE_RECURSION = YES;
				CLANG_WARN_INT_CONVERSION = YES;
				CLANG_WARN_NON_LITERAL_NULL_CONVERSION = YES;
				CLANG_WARN_OBJC_IMPLICIT_RETAIN_SELF = YES;
				CLANG_WARN_OBJC_LITERAL_CONVERSION = YES;
				CLANG_WARN_OBJC_ROOT_CLASS = YES_ERROR;
				CLANG_WARN_QUOTED_INCLUDE_IN_FRAMEWORK_HEADER = YES;
				CLANG_WARN_RANGE_LOOP_ANALYSIS = YES;
				CLANG_WARN_STRICT_PROTOTYPES = YES;
				CLANG_WARN_SUSPICIOUS_MOVE = YES;
				CLANG_WARN_UNGUARDED_AVAILABILITY = YES_AGGRESSIVE;
				CLANG_WARN_UNREACHABLE_CODE = YES;
				CLANG_WARN__DUPLICATE_METHOD_MATCH = YES;
				COPY_PHASE_STRIP = NO;
				DEBUG_INFORMATION_FORMAT = dwarf;
				ENABLE_STRICT_OBJC_MSGSEND = YES;
				ENABLE_TESTABILITY = YES;
				GCC_C_LANGUAGE_STANDARD = gnu11;
				GCC_DYNAMIC_NO_PIC = NO;
				GCC_NO_COMMON_BLOCKS = YES;
				GCC_OPTIMIZATION_LEVEL = 0;
				GCC_PREPROCESSOR_DEFINITIONS = (
					"DEBUG=1",
					"$(inherited)",
				);
				GCC_WARN_64_TO_32_BIT_CONVERSION = YES;
				GCC_WARN_ABOUT_RETURN_TYPE = YES_ERROR;
				GCC_WARN_UNDECLARED_SELECTOR = YES;
				GCC_WARN_UNINITIALIZED_AUTOS = YES_AGGRESSIVE;
				GCC_WARN_UNUSED_FUNCTION = YES;
				GCC_WARN_UNUSED_VARIABLE = YES;
				IPHONEOS_DEPLOYMENT_TARGET = 14.0;
				MTL_ENABLE_DEBUG_INFO = INCLUDE_SOURCE;
				MTL_FAST_MATH = YES;
				ONLY_ACTIVE_ARCH = YES;
				SDKROOT = iphoneos;
				SWIFT_ACTIVE_COMPILATION_CONDITIONS = DEBUG;
				SWIFT_OPTIMIZATION_LEVEL = "-Onone";
			};
			name = Debug;
		};
		277953CA294DEE0A0052A27E /* Release */ = {
			isa = XCBuildConfiguration;
			buildSettings = {
				ALWAYS_SEARCH_USER_PATHS = NO;
				CLANG_ANALYZER_NONNULL = YES;
				CLANG_ANALYZER_NUMBER_OBJECT_CONVERSION = YES_AGGRESSIVE;
				CLANG_CXX_LANGUAGE_STANDARD = "gnu++20";
				CLANG_ENABLE_MODULES = YES;
				CLANG_ENABLE_OBJC_ARC = YES;
				CLANG_ENABLE_OBJC_WEAK = YES;
				CLANG_WARN_BLOCK_CAPTURE_AUTORELEASING = YES;
				CLANG_WARN_BOOL_CONVERSION = YES;
				CLANG_WARN_COMMA = YES;
				CLANG_WARN_CONSTANT_CONVERSION = YES;
				CLANG_WARN_DEPRECATED_OBJC_IMPLEMENTATIONS = YES;
				CLANG_WARN_DIRECT_OBJC_ISA_USAGE = YES_ERROR;
				CLANG_WARN_DOCUMENTATION_COMMENTS = YES;
				CLANG_WARN_EMPTY_BODY = YES;
				CLANG_WARN_ENUM_CONVERSION = YES;
				CLANG_WARN_INFINITE_RECURSION = YES;
				CLANG_WARN_INT_CONVERSION = YES;
				CLANG_WARN_NON_LITERAL_NULL_CONVERSION = YES;
				CLANG_WARN_OBJC_IMPLICIT_RETAIN_SELF = YES;
				CLANG_WARN_OBJC_LITERAL_CONVERSION = YES;
				CLANG_WARN_OBJC_ROOT_CLASS = YES_ERROR;
				CLANG_WARN_QUOTED_INCLUDE_IN_FRAMEWORK_HEADER = YES;
				CLANG_WARN_RANGE_LOOP_ANALYSIS = YES;
				CLANG_WARN_STRICT_PROTOTYPES = YES;
				CLANG_WARN_SUSPICIOUS_MOVE = YES;
				CLANG_WARN_UNGUARDED_AVAILABILITY = YES_AGGRESSIVE;
				CLANG_WARN_UNREACHABLE_CODE = YES;
				CLANG_WARN__DUPLICATE_METHOD_MATCH = YES;
				COPY_PHASE_STRIP = NO;
				DEBUG_INFORMATION_FORMAT = "dwarf-with-dsym";
				ENABLE_NS_ASSERTIONS = NO;
				ENABLE_STRICT_OBJC_MSGSEND = YES;
				GCC_C_LANGUAGE_STANDARD = gnu11;
				GCC_NO_COMMON_BLOCKS = YES;
				GCC_WARN_64_TO_32_BIT_CONVERSION = YES;
				GCC_WARN_ABOUT_RETURN_TYPE = YES_ERROR;
				GCC_WARN_UNDECLARED_SELECTOR = YES;
				GCC_WARN_UNINITIALIZED_AUTOS = YES_AGGRESSIVE;
				GCC_WARN_UNUSED_FUNCTION = YES;
				GCC_WARN_UNUSED_VARIABLE = YES;
				IPHONEOS_DEPLOYMENT_TARGET = 14.0;
				MTL_ENABLE_DEBUG_INFO = NO;
				MTL_FAST_MATH = YES;
				SDKROOT = iphoneos;
				SWIFT_COMPILATION_MODE = wholemodule;
				SWIFT_OPTIMIZATION_LEVEL = "-O";
				VALIDATE_PRODUCT = YES;
			};
			name = Release;
		};
		277953CC294DEE0A0052A27E /* Debug */ = {
			isa = XCBuildConfiguration;
			baseConfigurationReference = D5C9D90D233BA46188DCBAD7 /* Pods-PixabayBook.debug.xcconfig */;
			buildSettings = {
				ASSETCATALOG_COMPILER_APPICON_NAME = AppIcon;
				ASSETCATALOG_COMPILER_GLOBAL_ACCENT_COLOR_NAME = AccentColor;
				CODE_SIGN_STYLE = Automatic;
				CURRENT_PROJECT_VERSION = 1;
				DEVELOPMENT_TEAM = YDKR468RD8;
				GENERATE_INFOPLIST_FILE = YES;
				INFOPLIST_FILE = PixabayBook/Application/Info.plist;
				INFOPLIST_KEY_CFBundleDisplayName = PixabayBook;
				INFOPLIST_KEY_LSApplicationCategoryType = "public.app-category.entertainment";
				INFOPLIST_KEY_UIApplicationSupportsIndirectInputEvents = YES;
				INFOPLIST_KEY_UILaunchStoryboardName = LaunchScreen;
				INFOPLIST_KEY_UISupportedInterfaceOrientations = UIInterfaceOrientationPortrait;
				LD_RUNPATH_SEARCH_PATHS = (
					"$(inherited)",
					"@executable_path/Frameworks",
				);
				MARKETING_VERSION = 1.0;
				PRODUCT_BUNDLE_IDENTIFIER = me.hujaber.PixabayBook;
				PRODUCT_NAME = "$(TARGET_NAME)";
				SWIFT_EMIT_LOC_STRINGS = YES;
				SWIFT_VERSION = 5.0;
				TARGETED_DEVICE_FAMILY = "1,2";
			};
			name = Debug;
		};
		277953CD294DEE0A0052A27E /* Release */ = {
			isa = XCBuildConfiguration;
			baseConfigurationReference = 900273CD5C8A36E6B88B6549 /* Pods-PixabayBook.release.xcconfig */;
			buildSettings = {
				ASSETCATALOG_COMPILER_APPICON_NAME = AppIcon;
				ASSETCATALOG_COMPILER_GLOBAL_ACCENT_COLOR_NAME = AccentColor;
				CODE_SIGN_STYLE = Automatic;
				CURRENT_PROJECT_VERSION = 1;
				DEVELOPMENT_TEAM = YDKR468RD8;
				GENERATE_INFOPLIST_FILE = YES;
				INFOPLIST_FILE = PixabayBook/Application/Info.plist;
				INFOPLIST_KEY_CFBundleDisplayName = PixabayBook;
				INFOPLIST_KEY_LSApplicationCategoryType = "public.app-category.entertainment";
				INFOPLIST_KEY_UIApplicationSupportsIndirectInputEvents = YES;
				INFOPLIST_KEY_UILaunchStoryboardName = LaunchScreen;
				INFOPLIST_KEY_UISupportedInterfaceOrientations = UIInterfaceOrientationPortrait;
				LD_RUNPATH_SEARCH_PATHS = (
					"$(inherited)",
					"@executable_path/Frameworks",
				);
				MARKETING_VERSION = 1.0;
				PRODUCT_BUNDLE_IDENTIFIER = me.hujaber.PixabayBook;
				PRODUCT_NAME = "$(TARGET_NAME)";
				SWIFT_EMIT_LOC_STRINGS = YES;
				SWIFT_VERSION = 5.0;
				TARGETED_DEVICE_FAMILY = "1,2";
			};
			name = Release;
		};
		277953CF294DEE0A0052A27E /* Debug */ = {
			isa = XCBuildConfiguration;
			baseConfigurationReference = 17C4F2F9002B644470A98810 /* Pods-PixabayBookTests.debug.xcconfig */;
			buildSettings = {
				ALWAYS_EMBED_SWIFT_STANDARD_LIBRARIES = YES;
				BUNDLE_LOADER = "$(TEST_HOST)";
				CODE_SIGN_STYLE = Automatic;
				CURRENT_PROJECT_VERSION = 1;
				DEVELOPMENT_TEAM = YDKR468RD8;
				GENERATE_INFOPLIST_FILE = YES;
				IPHONEOS_DEPLOYMENT_TARGET = 16.2;
				MARKETING_VERSION = 1.0;
				PRODUCT_BUNDLE_IDENTIFIER = me.hujaber.PixabayBookTests;
				PRODUCT_NAME = "$(TARGET_NAME)";
				SWIFT_EMIT_LOC_STRINGS = NO;
				SWIFT_VERSION = 5.0;
				TARGETED_DEVICE_FAMILY = "1,2";
				TEST_HOST = "$(BUILT_PRODUCTS_DIR)/PixabayBook.app/$(BUNDLE_EXECUTABLE_FOLDER_PATH)/PixabayBook";
			};
			name = Debug;
		};
		277953D0294DEE0A0052A27E /* Release */ = {
			isa = XCBuildConfiguration;
			baseConfigurationReference = 8243CDC30721268F676AB568 /* Pods-PixabayBookTests.release.xcconfig */;
			buildSettings = {
				ALWAYS_EMBED_SWIFT_STANDARD_LIBRARIES = YES;
				BUNDLE_LOADER = "$(TEST_HOST)";
				CODE_SIGN_STYLE = Automatic;
				CURRENT_PROJECT_VERSION = 1;
				DEVELOPMENT_TEAM = YDKR468RD8;
				GENERATE_INFOPLIST_FILE = YES;
				IPHONEOS_DEPLOYMENT_TARGET = 16.2;
				MARKETING_VERSION = 1.0;
				PRODUCT_BUNDLE_IDENTIFIER = me.hujaber.PixabayBookTests;
				PRODUCT_NAME = "$(TARGET_NAME)";
				SWIFT_EMIT_LOC_STRINGS = NO;
				SWIFT_VERSION = 5.0;
				TARGETED_DEVICE_FAMILY = "1,2";
				TEST_HOST = "$(BUILT_PRODUCTS_DIR)/PixabayBook.app/$(BUNDLE_EXECUTABLE_FOLDER_PATH)/PixabayBook";
			};
			name = Release;
		};
/* End XCBuildConfiguration section */

/* Begin XCConfigurationList section */
		2779539C294DEE070052A27E /* Build configuration list for PBXProject "PixabayBook" */ = {
			isa = XCConfigurationList;
			buildConfigurations = (
				277953C9294DEE0A0052A27E /* Debug */,
				277953CA294DEE0A0052A27E /* Release */,
			);
			defaultConfigurationIsVisible = 0;
			defaultConfigurationName = Release;
		};
		277953CB294DEE0A0052A27E /* Build configuration list for PBXNativeTarget "PixabayBook" */ = {
			isa = XCConfigurationList;
			buildConfigurations = (
				277953CC294DEE0A0052A27E /* Debug */,
				277953CD294DEE0A0052A27E /* Release */,
			);
			defaultConfigurationIsVisible = 0;
			defaultConfigurationName = Release;
		};
		277953CE294DEE0A0052A27E /* Build configuration list for PBXNativeTarget "PixabayBookTests" */ = {
			isa = XCConfigurationList;
			buildConfigurations = (
				277953CF294DEE0A0052A27E /* Debug */,
				277953D0294DEE0A0052A27E /* Release */,
			);
			defaultConfigurationIsVisible = 0;
			defaultConfigurationName = Release;
		};
/* End XCConfigurationList section */
	};
	rootObject = 27795399294DEE070052A27E /* Project object */;
}
